
Microsoft Visual Studio Solution File, Format Version 12.00
# Visual Studio Version 17
VisualStudioVersion = 17.11.35222.181
MinimumVisualStudioVersion = 10.0.40219.1
Project("{9A19103F-16F7-4668-BE54-9A1E7A4F7556}") = "Linq_Session_2", "Linq_Session_2.csproj", "{83AAAC91-1FB6-4EFD-8CBD-43750454BD69}"
EndProject
Project("{FAE04EC0-301F-11D3-BF4B-00C04F79EFBC}") = "Linq_Session_3", "..\Linq_Session_3\Linq_Session_3.csproj", "{62D4C6FD-622E-4EB4-BA4B-FADE9F2AC407}"
EndProject
Global
	GlobalSection(SolutionConfigurationPlatforms) = preSolution
		Debug|Any CPU = Debug|Any CPU
		Release|Any CPU = Release|Any CPU
	EndGlobalSection
	GlobalSection(ProjectConfigurationPlatforms) = postSolution
		{83AAAC91-1FB6-4EFD-8CBD-43750454BD69}.Debug|Any CPU.ActiveCfg = Debug|Any CPU
		{83AAAC91-1FB6-4EFD-8CBD-43750454BD69}.Debug|Any CPU.Build.0 = Debug|Any CPU
		{83AAAC91-1FB6-4EFD-8CBD-43750454BD69}.Release|Any CPU.ActiveCfg = Release|Any CPU
		{83AAAC91-1FB6-4EFD-8CBD-43750454BD69}.Release|Any CPU.Build.0 = Release|Any CPU
		{62D4C6FD-622E-4EB4-BA4B-FADE9F2AC407}.Debug|Any CPU.ActiveCfg = Debug|Any CPU
		{62D4C6FD-622E-4EB4-BA4B-FADE9F2AC407}.Debug|Any CPU.Build.0 = Debug|Any CPU
		{62D4C6FD-622E-4EB4-BA4B-FADE9F2AC407}.Release|Any CPU.ActiveCfg = Release|Any CPU
		{62D4C6FD-622E-4EB4-BA4B-FADE9F2AC407}.Release|Any CPU.Build.0 = Release|Any CPU
	EndGlobalSection
	GlobalSection(SolutionProperties) = preSolution
		HideSolutionNode = FALSE
	EndGlobalSection
	GlobalSection(ExtensibilityGlobals) = postSolution
		SolutionGuid = {FC61A9CE-767B-49CF-8B5E-11F11C9900EC}
	EndGlobalSection
EndGlobal
